{
  "name": "express4.7.0",
  "version": "1.0.0",
  "lockfileVersion": 2,
  "requires": true,
  "packages": {
    "": {
      "name": "express4.7.0",
      "version": "1.0.0",
      "dependencies": {
        "express": "4.7.0"
      }
    },
    "node_modules/accepts": {
      "version": "1.0.7",
      "resolved": "https://registry.npmjs.org/accepts/-/accepts-1.0.7.tgz",
      "integrity": "sha512-iq8ew2zitUlNcUca0wye3fYwQ6sSPItDo38oC0R+XA5KTzeXRN+GF7NjOXs3dVItj4J+gQVdpq4/qbnMb1hMHw==",
      "dependencies": {
        "mime-types": "~1.0.0",
        "negotiator": "0.4.7"
      },
      "engines": {
        "node": ">= 0.8.0"
      }
    },
    "node_modules/buffer-crc32": {
      "version": "0.2.3",
      "resolved": "https://registry.npmjs.org/buffer-crc32/-/buffer-crc32-0.2.3.tgz",
      "integrity": "sha512-HLvoSqq1z8fJEcT1lUlJZ4OJaXJZ1wsWm0+fBxkz9Bdf/WphA4Da7FtGUguNNyEXL4WB0hNMTaWmdFRFPy8YOQ==",
      "engines": {
        "node": "*"
      }
    },
    "node_modules/cookie": {
      "version": "0.1.2",
      "resolved": "https://registry.npmjs.org/cookie/-/cookie-0.1.2.tgz",
      "integrity": "sha512-+mHmWbhevLwkiBf7QcbZXHr0v4ZQQ/OgHk3fsQHrsMMiGzuvAmU/YMUR+ZfrO/BLAGIWFfx2Z7Oyso0tZR/wiA==",
      "engines": {
        "node": "*"
      }
    },
    "node_modules/cookie-signature": {
      "version": "1.0.4",
      "resolved": "https://registry.npmjs.org/cookie-signature/-/cookie-signature-1.0.4.tgz",
      "integrity": "sha512-k+lrG38ZC/S7zN6l1/HcF6xF4jMwkIUjnr5afDU7tzFxIfDmKzdqJdXo8HNYaXOuBJ3tPKxSiwCOTA0b3qQfaA=="
    },
    "node_modules/debug": {
      "version": "1.0.4",
      "resolved": "https://registry.npmjs.org/debug/-/debug-1.0.4.tgz",
      "integrity": "sha512-plA8d2GHafT7kXzMDs5r7NSfYP7IKHdO8rZPVAqI33Eum7Vq/Ef/ETXm6NncF/RMif4fzI0RetSArZ6PMIxP0g==",
      "dependencies": {
        "ms": "0.6.2"
      }
    },
    "node_modules/depd": {
      "version": "0.4.2",
      "resolved": "https://registry.npmjs.org/depd/-/depd-0.4.2.tgz",
      "integrity": "sha512-tG4S/hTtpA6stvb9Li65vWHrCblQ/oSN/UI90RKIA3wMk3N9lR1k/dCs8NKKNAy7UXD0+1/dUqhiaBuMatVNAQ==",
      "engines": {
        "node": ">= 0.8.0"
      }
    },
    "node_modules/ee-first": {
      "version": "1.0.3",
      "resolved": "https://registry.npmjs.org/ee-first/-/ee-first-1.0.3.tgz",
      "integrity": "sha512-1q/3kz+ZwmrrWpJcCCrBZ3JnBzB1BMA5EVW9nxnIP1LxDZ16Cqs9VdolqLWlExet1vU+bar3WSkAa4/YrA9bIw=="
    },
    "node_modules/escape-html": {
      "version": "1.0.1",
      "resolved": "https://registry.npmjs.org/escape-html/-/escape-html-1.0.1.tgz",
      "integrity": "sha512-z6kAnok8fqVTra7Yu77dZF2Y6ETJlxH58wN38wNyuNQLm8xXdKnfNrlSmfXsTePWP03rRVUKHubtUwanwUi7+g=="
    },
    "node_modules/express": {
      "version": "4.7.0",
      "resolved": "https://registry.npmjs.org/express/-/express-4.7.0.tgz",
      "integrity": "sha512-9Aq4Kzm8jsFBRL4YscuVLr62xruEi2dZWfjlwGTJsN5i/IQDGXKnhN+Exx7/GGEfsVNgujyEsWL+zCUzoj6cYw==",
      "dependencies": {
        "accepts": "~1.0.7",
        "buffer-crc32": "0.2.3",
        "cookie": "0.1.2",
        "cookie-signature": "1.0.4",
        "debug": "1.0.4",
        "depd": "0.4.2",
        "escape-html": "1.0.1",
        "finalhandler": "0.1.0",
        "fresh": "0.2.2",
        "media-typer": "0.2.0",
        "merge-descriptors": "0.0.2",
        "methods": "1.1.0",
        "parseurl": "~1.2.0",
        "path-to-regexp": "0.1.3",
        "proxy-addr": "1.0.1",
        "qs": "0.6.6",
        "range-parser": "1.0.0",
        "send": "0.7.0",
        "serve-static": "~1.4.0",
        "type-is": "~1.3.2",
        "utils-merge": "1.0.0",
        "vary": "0.1.0"
      },
      "engines": {
        "node": ">= 0.10.0"
      }
    },
    "node_modules/finalhandler": {
      "version": "0.1.0",
      "resolved": "https://registry.npmjs.org/finalhandler/-/finalhandler-0.1.0.tgz",
      "integrity": "sha512-VxIedmyMyIZh8ol/AeWrgVwzDqYVO5wqOcXNuQC0olCvWDgvN7+QyVKHWoZyplbZ82j5p7BynpekYybNSmTjww==",
      "dependencies": {
        "debug": "1.0.4",
        "escape-html": "1.0.1"
      },
      "engines": {
        "node": ">= 0.8.0"
      }
    },
    "node_modules/finished": {
      "version": "1.2.2",
      "resolved": "https://registry.npmjs.org/finished/-/finished-1.2.2.tgz",
      "integrity": "sha512-HPJ8x7Gn1pmTS1zWyMoXmQ1yxHkYHRoFsBI66ONq4PS9iWBJy1iHYXOSqMWNp3ksMXfrBpenkSwBhl9WG4zr4Q==",
      "dependencies": {
        "ee-first": "1.0.3"
      }
    },
    "node_modules/fresh": {
      "version": "0.2.2",
      "resolved": "https://registry.npmjs.org/fresh/-/fresh-0.2.2.tgz",
      "integrity": "sha512-ZGGi8GROK//ijm2gB33sUuN9TjN1tC/dvG4Bt4j6IWrVGpMmudUBCxx+Ir7qePsdREfkpQC4FL8W0jeSOsgv1w=="
    },
    "node_modules/ipaddr.js": {
      "version": "0.1.2",
      "resolved": "https://registry.npmjs.org/ipaddr.js/-/ipaddr.js-0.1.2.tgz",
      "integrity": "sha512-MGrEjHz4Hk5UVpJXZQ2tHB+bp6xgdRKCAEWdrgFsoAmXCgKAPtj8LqMxgvlWEAj9aN+PpTcvE051uZU3K3kLSQ==",
      "engines": {
        "node": ">= 0.2.5"
      }
    },
    "node_modules/media-typer": {
      "version": "0.2.0",
      "resolved": "https://registry.npmjs.org/media-typer/-/media-typer-0.2.0.tgz",
      "integrity": "sha512-TSggxYk75oP4tae7JkT8InpcFGUP4340zg1dOWjcu9qcphaDKtXEuNUv3OD4vJ+gVTvIDK797W0uYeNm8qqsDg==",
      "engines": {
        "node": ">= 0.8.0"
      }
    },
    "node_modules/merge-descriptors": {
      "version": "0.0.2",
      "resolved": "https://registry.npmjs.org/merge-descriptors/-/merge-descriptors-0.0.2.tgz",
      "integrity": "sha512-dYBT4Ep+t/qnPeJcnMymmhTdd4g8/hn48ciaDqLAkfRf8abzLPS6Rb6EBdz5CZCL8tzZuI5ps9MhGQGxk+EuKg=="
    },
    "node_modules/methods": {
      "version": "1.1.0",
      "resolved": "https://registry.npmjs.org/methods/-/methods-1.1.0.tgz",
      "integrity": "sha512-Th88HxNePtsAmz0WjEhVVyRGv9AQFLv4z6zOj4Dt15PjsKLWB8JXSmxzP+Q27139+AXao0AlCWvonFuJhu4GuA=="
    },
    "node_modules/mime": {
      "version": "1.2.11",
      "resolved": "https://registry.npmjs.org/mime/-/mime-1.2.11.tgz",
      "integrity": "sha512-Ysa2F/nqTNGHhhm9MV8ure4+Hc+Y8AWiqUdHxsO7xu8zc92ND9f3kpALHjaP026Ft17UfxrMt95c50PLUeynBw=="
    },
    "node_modules/mime-types": {
      "version": "1.0.2",
      "resolved": "https://registry.npmjs.org/mime-types/-/mime-types-1.0.2.tgz",
      "integrity": "sha512-echfutj/t5SoTL4WZpqjA1DCud1XO0WQF3/GJ48YBmc4ZMhCK77QA6Z/w6VTQERLKuJ4drze3kw2TUT8xZXVNw==",
      "engines": {
        "node": ">= 0.8.0"
      }
    },
    "node_modules/ms": {
      "version": "0.6.2",
      "resolved": "https://registry.npmjs.org/ms/-/ms-0.6.2.tgz",
      "integrity": "sha512-/pc3eh7TWorTtbvXg8je4GvrvEqCfH7PA3P7iW01yL2E53FKixzgMBaQi0NOPbMJqY34cBSvR0tZtmlTkdUG4A=="
    },
    "node_modules/negotiator": {
      "version": "0.4.7",
      "resolved": "https://registry.npmjs.org/negotiator/-/negotiator-0.4.7.tgz",
      "integrity": "sha512-ujxWwyRfZ6udAgHGECQC3JDO9e6UAsuItfUMcqA0Xf2OLNQTveFVFx+fHGIJ5p0MJaJrZyGQqPwzuN0NxJzEKA==",
      "engines": {
        "node": "*"
      }
    },
    "node_modules/parseurl": {
      "version": "1.2.0",
      "resolved": "https://registry.npmjs.org/parseurl/-/parseurl-1.2.0.tgz",
      "integrity": "sha512-9+9zjQrRYHOfNU32GxNPBG9lUWMfEaWI3FjVRj+lglgrkzX4/Y8eVRJ8QODXXHFPIpyASOX+A3Ao0Tx9HMHopw=="
    },
    "node_modules/path-to-regexp": {
      "version": "0.1.3",
      "resolved": "https://registry.npmjs.org/path-to-regexp/-/path-to-regexp-0.1.3.tgz",
      "integrity": "sha512-sd4vSOW+DCM6A5aRICI1CWaC7nufnzVpZfuh5T0VXshxxzFWuaFcvqKovAFLNGReOc+uZRptpcpPmn7CDvzLuA=="
    },
    "node_modules/proxy-addr": {
      "version": "1.0.1",
      "resolved": "https://registry.npmjs.org/proxy-addr/-/proxy-addr-1.0.1.tgz",
      "integrity": "sha512-rIUGzBlSfkJMWWCgsd4N5wvVSNAcJZg//UwPZumDIbScHRUzuSOjBmIdyICiKkB9yArv+er9qC6RA/NL3AWc6A==",
      "dependencies": {
        "ipaddr.js": "0.1.2"
      },
      "engines": {
        "node": ">= 0.8.0"
      }
    },
    "node_modules/qs": {
      "version": "0.6.6",
      "resolved": "https://registry.npmjs.org/qs/-/qs-0.6.6.tgz",
      "integrity": "sha512-kN+yNdAf29Jgp+AYHUmC7X4QdJPR8czuMWLNLc0aRxkQ7tB3vJQEONKKT9ou/rW7EbqVec11srC9q9BiVbcnHA==",
      "engines": {
        "node": "*"
      }
    },
    "node_modules/range-parser": {
      "version": "1.0.0",
      "resolved": "https://registry.npmjs.org/range-parser/-/range-parser-1.0.0.tgz",
      "integrity": "sha512-wOH5LIH2ZHo0P7/bwkR+aNbJ+kv3CHVX4B8qs9GqbtY29fi1bGPV5xczrutN20G+Z4XhRqRMTW3q0S4iyJJPfw=="
    },
    "node_modules/send": {
      "version": "0.7.0",
      "resolved": "https://registry.npmjs.org/send/-/send-0.7.0.tgz",
      "integrity": "sha512-rErCu1TWwg6FgzF4YAJUeg8XZHgLDXE4vKhv8QvzHqdFHyZYypolTUostkRbBYwnFfTKQwVFa21/+3tjsVs65A==",
      "dependencies": {
        "debug": "1.0.4",
        "depd": "0.4.2",
        "escape-html": "1.0.1",
        "finished": "1.2.2",
        "fresh": "0.2.2",
        "mime": "1.2.11",
        "ms": "0.6.2",
        "range-parser": "~1.0.0"
      },
      "engines": {
        "node": ">= 0.8.0"
      }
    },
    "node_modules/serve-static": {
      "version": "1.4.4",
      "resolved": "https://registry.npmjs.org/serve-static/-/serve-static-1.4.4.tgz",
      "integrity": "sha512-pxuoykDJ4REf20MFjVk/RHPvogr1dSiNSd0YJU5GjBM4/tkaQV1sjm5h/tfRvrQwbn6comfRKu81uUeiQahumg==",
      "dependencies": {
        "escape-html": "1.0.1",
        "parseurl": "~1.2.0",
        "send": "0.7.4"
      },
      "engines": {
        "node": ">= 0.8.0"
      }
    },
    "node_modules/serve-static/node_modules/depd": {
      "version": "0.4.4",
      "resolved": "https://registry.npmjs.org/depd/-/depd-0.4.4.tgz",
      "integrity": "sha512-NoEUYrSLv7re4u8OtA4yp3ktNC0HaB4dDGPg89TO+suwiVYoBMG8MeSPVpq8RNX9llVyrhknE/pGccsfRMxbhA==",
      "engines": {
        "node": ">= 0.8.0"
      }
    },
    "node_modules/serve-static/node_modules/send": {
      "version": "0.7.4",
      "resolved": "https://registry.npmjs.org/send/-/send-0.7.4.tgz",
      "integrity": "sha512-THlZnUAUb8f6iJk/XpadDFFT5xGIlPTwX6THZJNsTmsqM+CCfcNJpdO7Vw8E1ZvBnvMZskuSjAEZ7aPDqiabKw==",
      "dependencies": {
        "debug": "1.0.4",
        "depd": "0.4.4",
        "escape-html": "1.0.1",
        "finished": "1.2.2",
        "fresh": "0.2.2",
        "mime": "1.2.11",
        "ms": "0.6.2",
        "range-parser": "~1.0.0"
      },
      "engines": {
        "node": ">= 0.8.0"
      }
    },
    "node_modules/type-is": {
      "version": "1.3.2",
      "resolved": "https://registry.npmjs.org/type-is/-/type-is-1.3.2.tgz",
      "integrity": "sha512-sdIhnvhWEyIP2DKjj1o9tL31m8vFxDfLPD56KXz2absqY5AF2QYkJC7Wrw2fkzsZA9mv+PCtgyB7EqYOgR+r3Q==",
      "dependencies": {
        "media-typer": "0.2.0",
        "mime-types": "~1.0.1"
      },
      "engines": {
        "node": ">= 0.8"
      }
    },
    "node_modules/utils-merge": {
      "version": "1.0.0",
      "resolved": "https://registry.npmjs.org/utils-merge/-/utils-merge-1.0.0.tgz",
      "integrity": "sha512-HwU9SLQEtyo+0uoKXd1nkLqigUWLB+QuNQR4OcmB73eWqksM5ovuqcycks2x043W8XVb75rG1HQ0h93TMXkzQQ==",
      "engines": {
        "node": ">= 0.4.0"
      }
    },
    "node_modules/vary": {
      "version": "0.1.0",
      "resolved": "https://registry.npmjs.org/vary/-/vary-0.1.0.tgz",
      "integrity": "sha512-tyyeG46NQdwyVP/RsWLSrT78ouwEuvwk9gK8vQK4jdXmqoXtTXW+vsCfNcnqRhigF8olV34QVZarmAi6wBV2Mw==",
      "engines": {
        "node": ">= 0.8.0"
      }
    }
  },
  "dependencies": {
    "accepts": {
      "version": "1.0.7",
      "resolved": "https://registry.npmjs.org/accepts/-/accepts-1.0.7.tgz",
      "integrity": "sha512-iq8ew2zitUlNcUca0wye3fYwQ6sSPItDo38oC0R+XA5KTzeXRN+GF7NjOXs3dVItj4J+gQVdpq4/qbnMb1hMHw==",
      "requires": {
        "mime-types": "~1.0.0",
        "negotiator": "0.4.7"
      }
    },
    "buffer-crc32": {
      "version": "0.2.3",
      "resolved": "https://registry.npmjs.org/buffer-crc32/-/buffer-crc32-0.2.3.tgz",
      "integrity": "sha512-HLvoSqq1z8fJEcT1lUlJZ4OJaXJZ1wsWm0+fBxkz9Bdf/WphA4Da7FtGUguNNyEXL4WB0hNMTaWmdFRFPy8YOQ=="
    },
    "cookie": {
      "version": "0.1.2",
      "resolved": "https://registry.npmjs.org/cookie/-/cookie-0.1.2.tgz",
      "integrity": "sha512-+mHmWbhevLwkiBf7QcbZXHr0v4ZQQ/OgHk3fsQHrsMMiGzuvAmU/YMUR+ZfrO/BLAGIWFfx2Z7Oyso0tZR/wiA=="
    },
    "cookie-signature": {
      "version": "1.0.4",
      "resolved": "https://registry.npmjs.org/cookie-signature/-/cookie-signature-1.0.4.tgz",
      "integrity": "sha512-k+lrG38ZC/S7zN6l1/HcF6xF4jMwkIUjnr5afDU7tzFxIfDmKzdqJdXo8HNYaXOuBJ3tPKxSiwCOTA0b3qQfaA=="
    },
    "debug": {
      "version": "1.0.4",
      "resolved": "https://registry.npmjs.org/debug/-/debug-1.0.4.tgz",
      "integrity": "sha512-plA8d2GHafT7kXzMDs5r7NSfYP7IKHdO8rZPVAqI33Eum7Vq/Ef/ETXm6NncF/RMif4fzI0RetSArZ6PMIxP0g==",
      "requires": {
        "ms": "0.6.2"
      }
    },
    "depd": {
      "version": "0.4.2",
      "resolved": "https://registry.npmjs.org/depd/-/depd-0.4.2.tgz",
      "integrity": "sha512-tG4S/hTtpA6stvb9Li65vWHrCblQ/oSN/UI90RKIA3wMk3N9lR1k/dCs8NKKNAy7UXD0+1/dUqhiaBuMatVNAQ=="
    },
    "ee-first": {
      "version": "1.0.3",
      "resolved": "https://registry.npmjs.org/ee-first/-/ee-first-1.0.3.tgz",
      "integrity": "sha512-1q/3kz+ZwmrrWpJcCCrBZ3JnBzB1BMA5EVW9nxnIP1LxDZ16Cqs9VdolqLWlExet1vU+bar3WSkAa4/YrA9bIw=="
    },
    "escape-html": {
      "version": "1.0.1",
      "resolved": "https://registry.npmjs.org/escape-html/-/escape-html-1.0.1.tgz",
      "integrity": "sha512-z6kAnok8fqVTra7Yu77dZF2Y6ETJlxH58wN38wNyuNQLm8xXdKnfNrlSmfXsTePWP03rRVUKHubtUwanwUi7+g=="
    },
    "express": {
      "version": "4.7.0",
      "resolved": "https://registry.npmjs.org/express/-/express-4.7.0.tgz",
      "integrity": "sha512-9Aq4Kzm8jsFBRL4YscuVLr62xruEi2dZWfjlwGTJsN5i/IQDGXKnhN+Exx7/GGEfsVNgujyEsWL+zCUzoj6cYw==",
      "requires": {
        "accepts": "~1.0.7",
        "buffer-crc32": "0.2.3",
        "cookie": "0.1.2",
        "cookie-signature": "1.0.4",
        "debug": "1.0.4",
        "depd": "0.4.2",
        "escape-html": "1.0.1",
        "finalhandler": "0.1.0",
        "fresh": "0.2.2",
        "media-typer": "0.2.0",
        "merge-descriptors": "0.0.2",
        "methods": "1.1.0",
        "parseurl": "~1.2.0",
        "path-to-regexp": "0.1.3",
        "proxy-addr": "1.0.1",
        "qs": "0.6.6",
        "range-parser": "1.0.0",
        "send": "0.7.0",
        "serve-static": "~1.4.0",
        "type-is": "~1.3.2",
        "utils-merge": "1.0.0",
        "vary": "0.1.0"
      }
    },
    "finalhandler": {
      "version": "0.1.0",
      "resolved": "https://registry.npmjs.org/finalhandler/-/finalhandler-0.1.0.tgz",
      "integrity": "sha512-VxIedmyMyIZh8ol/AeWrgVwzDqYVO5wqOcXNuQC0olCvWDgvN7+QyVKHWoZyplbZ82j5p7BynpekYybNSmTjww==",
      "requires": {
        "debug": "1.0.4",
        "escape-html": "1.0.1"
      }
    },
    "finished": {
      "version": "1.2.2",
      "resolved": "https://registry.npmjs.org/finished/-/finished-1.2.2.tgz",
      "integrity": "sha512-HPJ8x7Gn1pmTS1zWyMoXmQ1yxHkYHRoFsBI66ONq4PS9iWBJy1iHYXOSqMWNp3ksMXfrBpenkSwBhl9WG4zr4Q==",
      "requires": {
        "ee-first": "1.0.3"
      }
    },
    "fresh": {
      "version": "0.2.2",
      "resolved": "https://registry.npmjs.org/fresh/-/fresh-0.2.2.tgz",
      "integrity": "sha512-ZGGi8GROK//ijm2gB33sUuN9TjN1tC/dvG4Bt4j6IWrVGpMmudUBCxx+Ir7qePsdREfkpQC4FL8W0jeSOsgv1w=="
    },
    "ipaddr.js": {
      "version": "0.1.2",
      "resolved": "https://registry.npmjs.org/ipaddr.js/-/ipaddr.js-0.1.2.tgz",
      "integrity": "sha512-MGrEjHz4Hk5UVpJXZQ2tHB+bp6xgdRKCAEWdrgFsoAmXCgKAPtj8LqMxgvlWEAj9aN+PpTcvE051uZU3K3kLSQ=="
    },
    "media-typer": {
      "version": "0.2.0",
      "resolved": "https://registry.npmjs.org/media-typer/-/media-typer-0.2.0.tgz",
      "integrity": "sha512-TSggxYk75oP4tae7JkT8InpcFGUP4340zg1dOWjcu9qcphaDKtXEuNUv3OD4vJ+gVTvIDK797W0uYeNm8qqsDg=="
    },
    "merge-descriptors": {
      "version": "0.0.2",
      "resolved": "https://registry.npmjs.org/merge-descriptors/-/merge-descriptors-0.0.2.tgz",
      "integrity": "sha512-dYBT4Ep+t/qnPeJcnMymmhTdd4g8/hn48ciaDqLAkfRf8abzLPS6Rb6EBdz5CZCL8tzZuI5ps9MhGQGxk+EuKg=="
    },
    "methods": {
      "version": "1.1.0",
      "resolved": "https://registry.npmjs.org/methods/-/methods-1.1.0.tgz",
      "integrity": "sha512-Th88HxNePtsAmz0WjEhVVyRGv9AQFLv4z6zOj4Dt15PjsKLWB8JXSmxzP+Q27139+AXao0AlCWvonFuJhu4GuA=="
    },
    "mime": {
      "version": "1.2.11",
      "resolved": "https://registry.npmjs.org/mime/-/mime-1.2.11.tgz",
      "integrity": "sha512-Ysa2F/nqTNGHhhm9MV8ure4+Hc+Y8AWiqUdHxsO7xu8zc92ND9f3kpALHjaP026Ft17UfxrMt95c50PLUeynBw=="
    },
    "mime-types": {
      "version": "1.0.2",
      "resolved": "https://registry.npmjs.org/mime-types/-/mime-types-1.0.2.tgz",
      "integrity": "sha512-echfutj/t5SoTL4WZpqjA1DCud1XO0WQF3/GJ48YBmc4ZMhCK77QA6Z/w6VTQERLKuJ4drze3kw2TUT8xZXVNw=="
    },
    "ms": {
      "version": "0.6.2",
      "resolved": "https://registry.npmjs.org/ms/-/ms-0.6.2.tgz",
      "integrity": "sha512-/pc3eh7TWorTtbvXg8je4GvrvEqCfH7PA3P7iW01yL2E53FKixzgMBaQi0NOPbMJqY34cBSvR0tZtmlTkdUG4A=="
    },
    "negotiator": {
      "version": "0.4.7",
      "resolved": "https://registry.npmjs.org/negotiator/-/negotiator-0.4.7.tgz",
      "integrity": "sha512-ujxWwyRfZ6udAgHGECQC3JDO9e6UAsuItfUMcqA0Xf2OLNQTveFVFx+fHGIJ5p0MJaJrZyGQqPwzuN0NxJzEKA=="
    },
    "parseurl": {
      "version": "1.2.0",
      "resolved": "https://registry.npmjs.org/parseurl/-/parseurl-1.2.0.tgz",
      "integrity": "sha512-9+9zjQrRYHOfNU32GxNPBG9lUWMfEaWI3FjVRj+lglgrkzX4/Y8eVRJ8QODXXHFPIpyASOX+A3Ao0Tx9HMHopw=="
    },
    "path-to-regexp": {
      "version": "0.1.3",
      "resolved": "https://registry.npmjs.org/path-to-regexp/-/path-to-regexp-0.1.3.tgz",
      "integrity": "sha512-sd4vSOW+DCM6A5aRICI1CWaC7nufnzVpZfuh5T0VXshxxzFWuaFcvqKovAFLNGReOc+uZRptpcpPmn7CDvzLuA=="
    },
    "proxy-addr": {
      "version": "1.0.1",
      "resolved": "https://registry.npmjs.org/proxy-addr/-/proxy-addr-1.0.1.tgz",
      "integrity": "sha512-rIUGzBlSfkJMWWCgsd4N5wvVSNAcJZg//UwPZumDIbScHRUzuSOjBmIdyICiKkB9yArv+er9qC6RA/NL3AWc6A==",
      "requires": {
        "ipaddr.js": "0.1.2"
      }
    },
    "qs": {
      "version": "0.6.6",
      "resolved": "https://registry.npmjs.org/qs/-/qs-0.6.6.tgz",
      "integrity": "sha512-kN+yNdAf29Jgp+AYHUmC7X4QdJPR8czuMWLNLc0aRxkQ7tB3vJQEONKKT9ou/rW7EbqVec11srC9q9BiVbcnHA=="
    },
    "range-parser": {
      "version": "1.0.0",
      "resolved": "https://registry.npmjs.org/range-parser/-/range-parser-1.0.0.tgz",
      "integrity": "sha512-wOH5LIH2ZHo0P7/bwkR+aNbJ+kv3CHVX4B8qs9GqbtY29fi1bGPV5xczrutN20G+Z4XhRqRMTW3q0S4iyJJPfw=="
    },
    "send": {
      "version": "0.7.0",
      "resolved": "https://registry.npmjs.org/send/-/send-0.7.0.tgz",
      "integrity": "sha512-rErCu1TWwg6FgzF4YAJUeg8XZHgLDXE4vKhv8QvzHqdFHyZYypolTUostkRbBYwnFfTKQwVFa21/+3tjsVs65A==",
      "requires": {
        "debug": "1.0.4",
        "depd": "0.4.2",
        "escape-html": "1.0.1",
        "finished": "1.2.2",
        "fresh": "0.2.2",
        "mime": "1.2.11",
        "ms": "0.6.2",
        "range-parser": "~1.0.0"
      }
    },
    "serve-static": {
      "version": "1.4.4",
      "resolved": "https://registry.npmjs.org/serve-static/-/serve-static-1.4.4.tgz",
      "integrity": "sha512-pxuoykDJ4REf20MFjVk/RHPvogr1dSiNSd0YJU5GjBM4/tkaQV1sjm5h/tfRvrQwbn6comfRKu81uUeiQahumg==",
      "requires": {
        "escape-html": "1.0.1",
        "parseurl": "~1.2.0",
        "send": "0.7.4"
      },
      "dependencies": {
        "depd": {
          "version": "0.4.4",
          "resolved": "https://registry.npmjs.org/depd/-/depd-0.4.4.tgz",
          "integrity": "sha512-NoEUYrSLv7re4u8OtA4yp3ktNC0HaB4dDGPg89TO+suwiVYoBMG8MeSPVpq8RNX9llVyrhknE/pGccsfRMxbhA=="
        },
        "send": {
          "version": "0.7.4",
          "resolved": "https://registry.npmjs.org/send/-/send-0.7.4.tgz",
          "integrity": "sha512-THlZnUAUb8f6iJk/XpadDFFT5xGIlPTwX6THZJNsTmsqM+CCfcNJpdO7Vw8E1ZvBnvMZskuSjAEZ7aPDqiabKw==",
          "requires": {
            "debug": "1.0.4",
            "depd": "0.4.4",
            "escape-html": "1.0.1",
            "finished": "1.2.2",
            "fresh": "0.2.2",
            "mime": "1.2.11",
            "ms": "0.6.2",
            "range-parser": "~1.0.0"
          }
        }
      }
    },
    "type-is": {
      "version": "1.3.2",
      "resolved": "https://registry.npmjs.org/type-is/-/type-is-1.3.2.tgz",
      "integrity": "sha512-sdIhnvhWEyIP2DKjj1o9tL31m8vFxDfLPD56KXz2absqY5AF2QYkJC7Wrw2fkzsZA9mv+PCtgyB7EqYOgR+r3Q==",
      "requires": {
        "media-typer": "0.2.0",
        "mime-types": "~1.0.1"
      }
    },
    "utils-merge": {
      "version": "1.0.0",
      "resolved": "https://registry.npmjs.org/utils-merge/-/utils-merge-1.0.0.tgz",
      "integrity": "sha512-HwU9SLQEtyo+0uoKXd1nkLqigUWLB+QuNQR4OcmB73eWqksM5ovuqcycks2x043W8XVb75rG1HQ0h93TMXkzQQ=="
    },
    "vary": {
      "version": "0.1.0",
      "resolved": "https://registry.npmjs.org/vary/-/vary-0.1.0.tgz",
      "integrity": "sha512-tyyeG46NQdwyVP/RsWLSrT78ouwEuvwk9gK8vQK4jdXmqoXtTXW+vsCfNcnqRhigF8olV34QVZarmAi6wBV2Mw=="
    }
  }
}
